{
  "name": "amazfit-watchfaces",
  "lockfileVersion": 3,
  "requires": true,
  "packages": {
    "": {
      "devDependencies": {
        "@zeppos/device-types": "4.0.0"
      }
    },
    "node_modules/@zeppos/device-types": {
      "version": "4.0.0",
      "resolved": "https://registry.npmjs.org/@zeppos/device-types/-/device-types-4.0.0.tgz",
      "integrity": "sha512-As1r/7/+ucMbem6lqWIgzMqKw/vhzLNIz4muHF/LssL/5RZD5dfMR/pkaIb8YSrEnpGxRGFZffecPPMjsZO4Ag==",
      "dev": true,
      "license": "ISC"
    }
  }
}
